
Microsoft Visual Studio Solution File, Format Version 12.00
# Visual Studio 15
VisualStudioVersion = 15.0.26730.8
MinimumVisualStudioVersion = 10.0.40219.1
Project("{E24C65DC-7377-472B-9ABA-BC803B73C61A}") = "testanf", ".", "{79252481-7B17-441B-9597-5B6B88802F6C}"
	ProjectSection(WebsiteProperties) = preProject
		TargetFrameworkMoniker = ".NETFramework,Version%3Dv4.0"
		Debug.AspNetCompiler.VirtualPath = "/localhost_56623"
		Debug.AspNetCompiler.PhysicalPath = "..\testanf\"
		Debug.AspNetCompiler.TargetPath = "PrecompiledWeb\localhost_56623\"
		Debug.AspNetCompiler.Updateable = "true"
		Debug.AspNetCompiler.ForceOverwrite = "true"
		Debug.AspNetCompiler.FixedNames = "false"
		Debug.AspNetCompiler.Debug = "True"
		Release.AspNetCompiler.VirtualPath = "/localhost_56623"
		Release.AspNetCompiler.PhysicalPath = "..\testanf\"
		Release.AspNetCompiler.TargetPath = "PrecompiledWeb\localhost_56623\"
		Release.AspNetCompiler.Updateable = "true"
		Release.AspNetCompiler.ForceOverwrite = "true"
		Release.AspNetCompiler.FixedNames = "false"
		Release.AspNetCompiler.Debug = "False"
		VWDPort = "56623"
		SlnRelativePath = "..\testanf\"
	EndProjectSection
EndProject
Global
	GlobalSection(SolutionConfigurationPlatforms) = preSolution
		Debug|Any CPU = Debug|Any CPU
	EndGlobalSection
	GlobalSection(ProjectConfigurationPlatforms) = postSolution
		{79252481-7B17-441B-9597-5B6B88802F6C}.Debug|Any CPU.ActiveCfg = Debug|Any CPU
		{79252481-7B17-441B-9597-5B6B88802F6C}.Debug|Any CPU.Build.0 = Debug|Any CPU
	EndGlobalSection
	GlobalSection(SolutionProperties) = preSolution
		HideSolutionNode = FALSE
	EndGlobalSection
	GlobalSection(ExtensibilityGlobals) = postSolution
		SolutionGuid = {F6BBBFD0-91BE-448B-AB8E-A70CC9A81A7B}
	EndGlobalSection
EndGlobal
